
Microsoft Visual Studio Solution File, Format Version 12.00
# Visual Studio 2013
VisualStudioVersion = 12.0.21005.1
MinimumVisualStudioVersion = 10.0.40219.1
Project("{FAE04EC0-301F-11D3-BF4B-00C04F79EFBC}") = "MTProto Console", "MTProto Console\MTProto Console.csproj", "{3CAAC47E-1C80-4AB6-A8D8-ADA57637646E}"
EndProject
Project("{FAE04EC0-301F-11D3-BF4B-00C04F79EFBC}") = "Mono.Stub", "DiffieHellman\Mono.Stub.csproj", "{51A5DB78-BDDF-466D-911D-FCD600413726}"
EndProject
Project("{FAE04EC0-301F-11D3-BF4B-00C04F79EFBC}") = "MTProto Class Api", "MTProto Class Api\MTProto Class Api.csproj", "{B23856F6-04C8-4012-BAB9-68E480A73379}"
EndProject
Global
	GlobalSection(SolutionConfigurationPlatforms) = preSolution
		Debug|Any CPU = Debug|Any CPU
		MTProto API|Any CPU = MTProto API|Any CPU
		Release|Any CPU = Release|Any CPU
	EndGlobalSection
	GlobalSection(ProjectConfigurationPlatforms) = postSolution
		{3CAAC47E-1C80-4AB6-A8D8-ADA57637646E}.Debug|Any CPU.ActiveCfg = Debug|Any CPU
		{3CAAC47E-1C80-4AB6-A8D8-ADA57637646E}.Debug|Any CPU.Build.0 = Debug|Any CPU
		{3CAAC47E-1C80-4AB6-A8D8-ADA57637646E}.MTProto API|Any CPU.ActiveCfg = MTProto API|Any CPU
		{3CAAC47E-1C80-4AB6-A8D8-ADA57637646E}.MTProto API|Any CPU.Build.0 = MTProto API|Any CPU
		{3CAAC47E-1C80-4AB6-A8D8-ADA57637646E}.Release|Any CPU.ActiveCfg = Release|Any CPU
		{3CAAC47E-1C80-4AB6-A8D8-ADA57637646E}.Release|Any CPU.Build.0 = Release|Any CPU
		{51A5DB78-BDDF-466D-911D-FCD600413726}.Debug|Any CPU.ActiveCfg = Debug|Any CPU
		{51A5DB78-BDDF-466D-911D-FCD600413726}.Debug|Any CPU.Build.0 = Debug|Any CPU
		{51A5DB78-BDDF-466D-911D-FCD600413726}.MTProto API|Any CPU.ActiveCfg = Release|Any CPU
		{51A5DB78-BDDF-466D-911D-FCD600413726}.MTProto API|Any CPU.Build.0 = Release|Any CPU
		{51A5DB78-BDDF-466D-911D-FCD600413726}.Release|Any CPU.ActiveCfg = Release|Any CPU
		{51A5DB78-BDDF-466D-911D-FCD600413726}.Release|Any CPU.Build.0 = Release|Any CPU
		{B23856F6-04C8-4012-BAB9-68E480A73379}.Debug|Any CPU.ActiveCfg = Debug|Any CPU
		{B23856F6-04C8-4012-BAB9-68E480A73379}.Debug|Any CPU.Build.0 = Debug|Any CPU
		{B23856F6-04C8-4012-BAB9-68E480A73379}.MTProto API|Any CPU.ActiveCfg = Release|Any CPU
		{B23856F6-04C8-4012-BAB9-68E480A73379}.MTProto API|Any CPU.Build.0 = Release|Any CPU
		{B23856F6-04C8-4012-BAB9-68E480A73379}.Release|Any CPU.ActiveCfg = Release|Any CPU
		{B23856F6-04C8-4012-BAB9-68E480A73379}.Release|Any CPU.Build.0 = Release|Any CPU
	EndGlobalSection
	GlobalSection(SolutionProperties) = preSolution
		HideSolutionNode = FALSE
	EndGlobalSection
EndGlobal
